
Microsoft Visual Studio Solution File, Format Version 12.00
# Visual Studio Version 17
VisualStudioVersion = 17.14.36401.2
MinimumVisualStudioVersion = 10.0.40219.1
Project("{FAE04EC0-301F-11D3-BF4B-00C04F79EFBC}") = "AdvancedCalculator", "src\AdvancedCalculator.csproj", "{D6872019-8587-476E-9B4B-971B1A5E2FAF}"
EndProject
Project("{2150E333-8FDC-42A3-9474-1A3956D46DE8}") = "Solution Items", "Solution Items", "{8EC462FD-D22E-90A8-E5CE-7E832BA40C5D}"
	ProjectSection(SolutionItems) = preProject
		.gitignore = .gitignore
	EndProjectSection
EndProject
Project("{FAE04EC0-301F-11D3-BF4B-00C04F79EFBC}") = "AdvancedCalculator.Tests", "AdvancedCalculator.Tests\AdvancedCalculator.Tests.csproj", "{C5330901-7367-427E-B609-59C15DFCAF54}"
EndProject
Global
	GlobalSection(SolutionConfigurationPlatforms) = preSolution
		Debug|Any CPU = Debug|Any CPU
		Release|Any CPU = Release|Any CPU
	EndGlobalSection
	GlobalSection(ProjectConfigurationPlatforms) = postSolution
		{D6872019-8587-476E-9B4B-971B1A5E2FAF}.Debug|Any CPU.ActiveCfg = Debug|Any CPU
		{D6872019-8587-476E-9B4B-971B1A5E2FAF}.Debug|Any CPU.Build.0 = Debug|Any CPU
		{D6872019-8587-476E-9B4B-971B1A5E2FAF}.Release|Any CPU.ActiveCfg = Release|Any CPU
		{D6872019-8587-476E-9B4B-971B1A5E2FAF}.Release|Any CPU.Build.0 = Release|Any CPU
		{C5330901-7367-427E-B609-59C15DFCAF54}.Debug|Any CPU.ActiveCfg = Debug|Any CPU
		{C5330901-7367-427E-B609-59C15DFCAF54}.Debug|Any CPU.Build.0 = Debug|Any CPU
		{C5330901-7367-427E-B609-59C15DFCAF54}.Release|Any CPU.ActiveCfg = Release|Any CPU
		{C5330901-7367-427E-B609-59C15DFCAF54}.Release|Any CPU.Build.0 = Release|Any CPU
	EndGlobalSection
	GlobalSection(SolutionProperties) = preSolution
		HideSolutionNode = FALSE
	EndGlobalSection
	GlobalSection(ExtensibilityGlobals) = postSolution
		SolutionGuid = {C01E0777-2B7B-4DFE-9D90-AC869948927D}
	EndGlobalSection
EndGlobal
